// !$*UTF8*$!
{
	archiveVersion = 1;
	classes = {
	};
	objectVersion = 55;
	objects = {

/* Begin PBXBuildFile section */
		614C7491283D5EAB00BFFA8C /* SelectSomethingView.swift in Sources */ = {isa = PBXBuildFile; fileRef = 614C7490283D5EAB00BFFA8C /* SelectSomethingView.swift */; };
		614C7493283D60E400BFFA8C /* Bundle-Decodable.swift in Sources */ = {isa = PBXBuildFile; fileRef = 614C7492283D60E400BFFA8C /* Bundle-Decodable.swift */; };
		614C7497283D665900BFFA8C /* Award.swift in Sources */ = {isa = PBXBuildFile; fileRef = 614C7496283D665900BFFA8C /* Award.swift */; };
		614C7499283D671C00BFFA8C /* AwardsView.swift in Sources */ = {isa = PBXBuildFile; fileRef = 614C7498283D671C00BFFA8C /* AwardsView.swift */; };
		614C749B283D72BA00BFFA8C /* Color-Additions.swift in Sources */ = {isa = PBXBuildFile; fileRef = 614C749A283D72BA00BFFA8C /* Color-Additions.swift */; };
		61BF25D72842C18B002E8F48 /* Localizable.strings in Resources */ = {isa = PBXBuildFile; fileRef = 61BF25D92842C18B002E8F48 /* Localizable.strings */; };
		61BF25DB2842C215002E8F48 /* Localizable.stringsdict in Resources */ = {isa = PBXBuildFile; fileRef = 61BF25DD2842C215002E8F48 /* Localizable.stringsdict */; };
		61BF25DF2842C2CE002E8F48 /* Awards.json in Resources */ = {isa = PBXBuildFile; fileRef = 61BF25E12842C2CE002E8F48 /* Awards.json */; };
		61BF25E52844081B002E8F48 /* ItemListView.swift in Sources */ = {isa = PBXBuildFile; fileRef = 61BF25E42844081B002E8F48 /* ItemListView.swift */; };
		61BF25E7284408E1002E8F48 /* ProjectSummaryView.swift in Sources */ = {isa = PBXBuildFile; fileRef = 61BF25E6284408E1002E8F48 /* ProjectSummaryView.swift */; };
		61C6642E283927F10079B68D /* EditItemView.swift in Sources */ = {isa = PBXBuildFile; fileRef = 61C6642D283927F10079B68D /* EditItemView.swift */; };
		61C6643028392D1C0079B68D /* ItemRowView.swift in Sources */ = {isa = PBXBuildFile; fileRef = 61C6642F28392D1C0079B68D /* ItemRowView.swift */; };
		61C6643228392F400079B68D /* Binding_onChange.swift in Sources */ = {isa = PBXBuildFile; fileRef = 61C6643128392F400079B68D /* Binding_onChange.swift */; };
		61C66434283932A10079B68D /* ProjectHeaderView.swift in Sources */ = {isa = PBXBuildFile; fileRef = 61C66433283932A10079B68D /* ProjectHeaderView.swift */; };
		61C66436283935810079B68D /* Colors.xcassets in Resources */ = {isa = PBXBuildFile; fileRef = 61C66435283935810079B68D /* Colors.xcassets */; };
		61C66438283937A50079B68D /* EditProjectView.swift in Sources */ = {isa = PBXBuildFile; fileRef = 61C66437283937A50079B68D /* EditProjectView.swift */; };
		61E28C732835362200051D15 /* CloudKit.framework in Frameworks */ = {isa = PBXBuildFile; fileRef = 61E28C722835362200051D15 /* CloudKit.framework */; };
		61E28C752835389700051D15 /* HomeView.swift in Sources */ = {isa = PBXBuildFile; fileRef = 61E28C742835389700051D15 /* HomeView.swift */; };
		61E28C77283539D200051D15 /* ProjectsView.swift in Sources */ = {isa = PBXBuildFile; fileRef = 61E28C76283539D200051D15 /* ProjectsView.swift */; };
		61E28C7928357FA500051D15 /* Item_CoreDataHelpers.swift in Sources */ = {isa = PBXBuildFile; fileRef = 61E28C7828357FA500051D15 /* Item_CoreDataHelpers.swift */; };
		61E28C7B283580C400051D15 /* Project_CoreDataHelpers.swift in Sources */ = {isa = PBXBuildFile; fileRef = 61E28C7A283580C400051D15 /* Project_CoreDataHelpers.swift */; };
		61FBEF65283421AA00026EB4 /* PortfolioAppApp.swift in Sources */ = {isa = PBXBuildFile; fileRef = 61FBEF64283421AA00026EB4 /* PortfolioAppApp.swift */; };
		61FBEF67283421AA00026EB4 /* ContentView.swift in Sources */ = {isa = PBXBuildFile; fileRef = 61FBEF66283421AA00026EB4 /* ContentView.swift */; };
		61FBEF69283421AE00026EB4 /* Assets.xcassets in Resources */ = {isa = PBXBuildFile; fileRef = 61FBEF68283421AE00026EB4 /* Assets.xcassets */; };
		61FBEF6C283421AE00026EB4 /* Preview Assets.xcassets in Resources */ = {isa = PBXBuildFile; fileRef = 61FBEF6B283421AE00026EB4 /* Preview Assets.xcassets */; };
		61FBEF742834224D00026EB4 /* Main.xcdatamodeld in Sources */ = {isa = PBXBuildFile; fileRef = 61FBEF722834224D00026EB4 /* Main.xcdatamodeld */; };
		61FBEF762834250000026EB4 /* DataController.swift in Sources */ = {isa = PBXBuildFile; fileRef = 61FBEF752834250000026EB4 /* DataController.swift */; };
/* End PBXBuildFile section */

/* Begin PBXFileReference section */
		614C7490283D5EAB00BFFA8C /* SelectSomethingView.swift */ = {isa = PBXFileReference; lastKnownFileType = sourcecode.swift; path = SelectSomethingView.swift; sourceTree = "<group>"; };
		614C7492283D60E400BFFA8C /* Bundle-Decodable.swift */ = {isa = PBXFileReference; lastKnownFileType = sourcecode.swift; path = "Bundle-Decodable.swift"; sourceTree = "<group>"; };
		614C7496283D665900BFFA8C /* Award.swift */ = {isa = PBXFileReference; lastKnownFileType = sourcecode.swift; path = Award.swift; sourceTree = "<group>"; };
		614C7498283D671C00BFFA8C /* AwardsView.swift */ = {isa = PBXFileReference; lastKnownFileType = sourcecode.swift; path = AwardsView.swift; sourceTree = "<group>"; };
		614C749A283D72BA00BFFA8C /* Color-Additions.swift */ = {isa = PBXFileReference; lastKnownFileType = sourcecode.swift; path = "Color-Additions.swift"; sourceTree = "<group>"; };
		61BF25D82842C18B002E8F48 /* en */ = {isa = PBXFileReference; lastKnownFileType = text.plist.strings; name = en; path = en.lproj/Localizable.strings; sourceTree = "<group>"; };
		61BF25DA2842C1A5002E8F48 /* hu */ = {isa = PBXFileReference; lastKnownFileType = text.plist.strings; name = hu; path = hu.lproj/Localizable.strings; sourceTree = "<group>"; };
		61BF25DC2842C215002E8F48 /* en */ = {isa = PBXFileReference; lastKnownFileType = text.plist.stringsdict; name = en; path = en.lproj/Localizable.stringsdict; sourceTree = "<group>"; };
		61BF25DE2842C21E002E8F48 /* hu */ = {isa = PBXFileReference; lastKnownFileType = text.plist.stringsdict; name = hu; path = hu.lproj/Localizable.stringsdict; sourceTree = "<group>"; };
		61BF25E02842C2CE002E8F48 /* Base */ = {isa = PBXFileReference; lastKnownFileType = text.json; name = Base; path = Base.lproj/Awards.json; sourceTree = "<group>"; };
		61BF25E22842C2D5002E8F48 /* en */ = {isa = PBXFileReference; lastKnownFileType = text.json; name = en; path = en.lproj/Awards.json; sourceTree = "<group>"; };
		61BF25E32842C2D8002E8F48 /* hu */ = {isa = PBXFileReference; lastKnownFileType = text.json; name = hu; path = hu.lproj/Awards.json; sourceTree = "<group>"; };
		61BF25E42844081B002E8F48 /* ItemListView.swift */ = {isa = PBXFileReference; lastKnownFileType = sourcecode.swift; path = ItemListView.swift; sourceTree = "<group>"; };
		61BF25E6284408E1002E8F48 /* ProjectSummaryView.swift */ = {isa = PBXFileReference; lastKnownFileType = sourcecode.swift; path = ProjectSummaryView.swift; sourceTree = "<group>"; };
		61C6642D283927F10079B68D /* EditItemView.swift */ = {isa = PBXFileReference; lastKnownFileType = sourcecode.swift; path = EditItemView.swift; sourceTree = "<group>"; };
		61C6642F28392D1C0079B68D /* ItemRowView.swift */ = {isa = PBXFileReference; lastKnownFileType = sourcecode.swift; path = ItemRowView.swift; sourceTree = "<group>"; };
		61C6643128392F400079B68D /* Binding_onChange.swift */ = {isa = PBXFileReference; lastKnownFileType = sourcecode.swift; path = Binding_onChange.swift; sourceTree = "<group>"; };
		61C66433283932A10079B68D /* ProjectHeaderView.swift */ = {isa = PBXFileReference; lastKnownFileType = sourcecode.swift; path = ProjectHeaderView.swift; sourceTree = "<group>"; };
		61C66435283935810079B68D /* Colors.xcassets */ = {isa = PBXFileReference; lastKnownFileType = folder.assetcatalog; path = Colors.xcassets; sourceTree = "<group>"; };
		61C66437283937A50079B68D /* EditProjectView.swift */ = {isa = PBXFileReference; lastKnownFileType = sourcecode.swift; path = EditProjectView.swift; sourceTree = "<group>"; };
		61E28C70283535B200051D15 /* PortfolioApp.entitlements */ = {isa = PBXFileReference; lastKnownFileType = text.plist.entitlements; path = PortfolioApp.entitlements; sourceTree = "<group>"; };
		61E28C722835362200051D15 /* CloudKit.framework */ = {isa = PBXFileReference; lastKnownFileType = wrapper.framework; name = CloudKit.framework; path = System/Library/Frameworks/CloudKit.framework; sourceTree = SDKROOT; };
		61E28C742835389700051D15 /* HomeView.swift */ = {isa = PBXFileReference; lastKnownFileType = sourcecode.swift; path = HomeView.swift; sourceTree = "<group>"; };
		61E28C76283539D200051D15 /* ProjectsView.swift */ = {isa = PBXFileReference; lastKnownFileType = sourcecode.swift; path = ProjectsView.swift; sourceTree = "<group>"; };
		61E28C7828357FA500051D15 /* Item_CoreDataHelpers.swift */ = {isa = PBXFileReference; lastKnownFileType = sourcecode.swift; path = Item_CoreDataHelpers.swift; sourceTree = "<group>"; };
		61E28C7A283580C400051D15 /* Project_CoreDataHelpers.swift */ = {isa = PBXFileReference; lastKnownFileType = sourcecode.swift; path = Project_CoreDataHelpers.swift; sourceTree = "<group>"; };
		61FBEF61283421AA00026EB4 /* PortfolioApp.app */ = {isa = PBXFileReference; explicitFileType = wrapper.application; includeInIndex = 0; path = PortfolioApp.app; sourceTree = BUILT_PRODUCTS_DIR; };
		61FBEF64283421AA00026EB4 /* PortfolioAppApp.swift */ = {isa = PBXFileReference; lastKnownFileType = sourcecode.swift; path = PortfolioAppApp.swift; sourceTree = "<group>"; };
		61FBEF66283421AA00026EB4 /* ContentView.swift */ = {isa = PBXFileReference; lastKnownFileType = sourcecode.swift; path = ContentView.swift; sourceTree = "<group>"; };
		61FBEF68283421AE00026EB4 /* Assets.xcassets */ = {isa = PBXFileReference; lastKnownFileType = folder.assetcatalog; path = Assets.xcassets; sourceTree = "<group>"; };
		61FBEF6B283421AE00026EB4 /* Preview Assets.xcassets */ = {isa = PBXFileReference; lastKnownFileType = folder.assetcatalog; path = "Preview Assets.xcassets"; sourceTree = "<group>"; };
		61FBEF732834224D00026EB4 /* Main.xcdatamodel */ = {isa = PBXFileReference; lastKnownFileType = wrapper.xcdatamodel; path = Main.xcdatamodel; sourceTree = "<group>"; };
		61FBEF752834250000026EB4 /* DataController.swift */ = {isa = PBXFileReference; lastKnownFileType = sourcecode.swift; path = DataController.swift; sourceTree = "<group>"; };
		61FBEF7728342CA400026EB4 /* Info.plist */ = {isa = PBXFileReference; lastKnownFileType = text.plist; path = Info.plist; sourceTree = "<group>"; };
/* End PBXFileReference section */

/* Begin PBXFrameworksBuildPhase section */
		61FBEF5E283421AA00026EB4 /* Frameworks */ = {
			isa = PBXFrameworksBuildPhase;
			buildActionMask = 2147483647;
			files = (
				61E28C732835362200051D15 /* CloudKit.framework in Frameworks */,
			);
			runOnlyForDeploymentPostprocessing = 0;
		};
/* End PBXFrameworksBuildPhase section */

/* Begin PBXGroup section */
		61E28C712835362200051D15 /* Frameworks */ = {
			isa = PBXGroup;
			children = (
				61E28C722835362200051D15 /* CloudKit.framework */,
			);
			name = Frameworks;
			sourceTree = "<group>";
		};
		61FBEF58283421AA00026EB4 = {
			isa = PBXGroup;
			children = (
				61FBEF63283421AA00026EB4 /* PortfolioApp */,
				61FBEF62283421AA00026EB4 /* Products */,
				61E28C712835362200051D15 /* Frameworks */,
			);
			sourceTree = "<group>";
		};
		61FBEF62283421AA00026EB4 /* Products */ = {
			isa = PBXGroup;
			children = (
				61FBEF61283421AA00026EB4 /* PortfolioApp.app */,
			);
			name = Products;
			sourceTree = "<group>";
		};
		61FBEF63283421AA00026EB4 /* PortfolioApp */ = {
			isa = PBXGroup;
			children = (
				61E28C70283535B200051D15 /* PortfolioApp.entitlements */,
				61FBEF7728342CA400026EB4 /* Info.plist */,
				61FBEF66283421AA00026EB4 /* ContentView.swift */,
				61C66437283937A50079B68D /* EditProjectView.swift */,
				61BF25E6284408E1002E8F48 /* ProjectSummaryView.swift */,
				61C6642D283927F10079B68D /* EditItemView.swift */,
				61C6643128392F400079B68D /* Binding_onChange.swift */,
				61FBEF64283421AA00026EB4 /* PortfolioAppApp.swift */,
				61E28C742835389700051D15 /* HomeView.swift */,
				61BF25E42844081B002E8F48 /* ItemListView.swift */,
				61E28C76283539D200051D15 /* ProjectsView.swift */,
				61BF25D92842C18B002E8F48 /* Localizable.strings */,
				61BF25DD2842C215002E8F48 /* Localizable.stringsdict */,
				614C7492283D60E400BFFA8C /* Bundle-Decodable.swift */,
				614C7490283D5EAB00BFFA8C /* SelectSomethingView.swift */,
				61C66433283932A10079B68D /* ProjectHeaderView.swift */,
				61C6642F28392D1C0079B68D /* ItemRowView.swift */,
				61E28C7828357FA500051D15 /* Item_CoreDataHelpers.swift */,
				61E28C7A283580C400051D15 /* Project_CoreDataHelpers.swift */,
				61BF25E12842C2CE002E8F48 /* Awards.json */,
				614C7496283D665900BFFA8C /* Award.swift */,
				614C7498283D671C00BFFA8C /* AwardsView.swift */,
				614C749A283D72BA00BFFA8C /* Color-Additions.swift */,
				61FBEF752834250000026EB4 /* DataController.swift */,
				61FBEF722834224D00026EB4 /* Main.xcdatamodeld */,
				61C66435283935810079B68D /* Colors.xcassets */,
				61FBEF68283421AE00026EB4 /* Assets.xcassets */,
				61FBEF6A283421AE00026EB4 /* Preview Content */,
			);
			path = PortfolioApp;
			sourceTree = "<group>";
		};
		61FBEF6A283421AE00026EB4 /* Preview Content */ = {
			isa = PBXGroup;
			children = (
				61FBEF6B283421AE00026EB4 /* Preview Assets.xcassets */,
			);
			path = "Preview Content";
			sourceTree = "<group>";
		};
/* End PBXGroup section */

/* Begin PBXNativeTarget section */
		61FBEF60283421AA00026EB4 /* PortfolioApp */ = {
			isa = PBXNativeTarget;
			buildConfigurationList = 61FBEF6F283421AE00026EB4 /* Build configuration list for PBXNativeTarget "PortfolioApp" */;
			buildPhases = (
				61FBEF5D283421AA00026EB4 /* Sources */,
				61FBEF5E283421AA00026EB4 /* Frameworks */,
				61FBEF5F283421AA00026EB4 /* Resources */,
				6106A68C284BCF4D009FF633 /* SwiftLint */,
			);
			buildRules = (
			);
			dependencies = (
			);
			name = PortfolioApp;
			productName = PortfolioApp;
			productReference = 61FBEF61283421AA00026EB4 /* PortfolioApp.app */;
			productType = "com.apple.product-type.application";
		};
/* End PBXNativeTarget section */

/* Begin PBXProject section */
		61FBEF59283421AA00026EB4 /* Project object */ = {
			isa = PBXProject;
			attributes = {
				BuildIndependentTargetsInParallel = 1;
				LastSwiftUpdateCheck = 1330;
				LastUpgradeCheck = 1330;
				TargetAttributes = {
					61FBEF60283421AA00026EB4 = {
						CreatedOnToolsVersion = 13.3.1;
					};
				};
			};
			buildConfigurationList = 61FBEF5C283421AA00026EB4 /* Build configuration list for PBXProject "PortfolioApp" */;
			compatibilityVersion = "Xcode 13.0";
			developmentRegion = en;
			hasScannedForEncodings = 0;
			knownRegions = (
				en,
				Base,
				hu,
			);
			mainGroup = 61FBEF58283421AA00026EB4;
			productRefGroup = 61FBEF62283421AA00026EB4 /* Products */;
			projectDirPath = "";
			projectRoot = "";
			targets = (
				61FBEF60283421AA00026EB4 /* PortfolioApp */,
			);
		};
/* End PBXProject section */

/* Begin PBXResourcesBuildPhase section */
		61FBEF5F283421AA00026EB4 /* Resources */ = {
			isa = PBXResourcesBuildPhase;
			buildActionMask = 2147483647;
			files = (
				61BF25D72842C18B002E8F48 /* Localizable.strings in Resources */,
				61C66436283935810079B68D /* Colors.xcassets in Resources */,
				61BF25DF2842C2CE002E8F48 /* Awards.json in Resources */,
				61FBEF6C283421AE00026EB4 /* Preview Assets.xcassets in Resources */,
				61FBEF69283421AE00026EB4 /* Assets.xcassets in Resources */,
				61BF25DB2842C215002E8F48 /* Localizable.stringsdict in Resources */,
			);
			runOnlyForDeploymentPostprocessing = 0;
		};
/* End PBXResourcesBuildPhase section */

/* Begin PBXShellScriptBuildPhase section */
		6106A68C284BCF4D009FF633 /* SwiftLint */ = {
			isa = PBXShellScriptBuildPhase;
			buildActionMask = 2147483647;
			files = (
			);
			inputFileListPaths = (
			);
			inputPaths = (
			);
			name = SwiftLint;
			outputFileListPaths = (
			);
			outputPaths = (
			);
			runOnlyForDeploymentPostprocessing = 0;
			shellPath = /bin/sh;
			shellScript = "# Type a script or drag a script file from your workspace to insert its path.\nif which swiftlint >/dev/null; then\n  swiftlint\nelse\n  echo \"warning: SwiftLint not installed, download from https://github.com/realm/SwiftLint\"\nfi\n";
		};
/* End PBXShellScriptBuildPhase section */

/* Begin PBXSourcesBuildPhase section */
		61FBEF5D283421AA00026EB4 /* Sources */ = {
			isa = PBXSourcesBuildPhase;
			buildActionMask = 2147483647;
			files = (
				61E28C77283539D200051D15 /* ProjectsView.swift in Sources */,
				614C749B283D72BA00BFFA8C /* Color-Additions.swift in Sources */,
				61C66434283932A10079B68D /* ProjectHeaderView.swift in Sources */,
				614C7493283D60E400BFFA8C /* Bundle-Decodable.swift in Sources */,
				614C7497283D665900BFFA8C /* Award.swift in Sources */,
				61BF25E52844081B002E8F48 /* ItemListView.swift in Sources */,
				61FBEF742834224D00026EB4 /* Main.xcdatamodeld in Sources */,
				614C7491283D5EAB00BFFA8C /* SelectSomethingView.swift in Sources */,
				614C7499283D671C00BFFA8C /* AwardsView.swift in Sources */,
				61E28C7928357FA500051D15 /* Item_CoreDataHelpers.swift in Sources */,
				61C66438283937A50079B68D /* EditProjectView.swift in Sources */,
				61BF25E7284408E1002E8F48 /* ProjectSummaryView.swift in Sources */,
				61FBEF762834250000026EB4 /* DataController.swift in Sources */,
				61C6643028392D1C0079B68D /* ItemRowView.swift in Sources */,
				61C6643228392F400079B68D /* Binding_onChange.swift in Sources */,
				61E28C7B283580C400051D15 /* Project_CoreDataHelpers.swift in Sources */,
				61FBEF67283421AA00026EB4 /* ContentView.swift in Sources */,
				61E28C752835389700051D15 /* HomeView.swift in Sources */,
				61FBEF65283421AA00026EB4 /* PortfolioAppApp.swift in Sources */,
				61C6642E283927F10079B68D /* EditItemView.swift in Sources */,
			);
			runOnlyForDeploymentPostprocessing = 0;
		};
/* End PBXSourcesBuildPhase section */

/* Begin PBXVariantGroup section */
		61BF25D92842C18B002E8F48 /* Localizable.strings */ = {
			isa = PBXVariantGroup;
			children = (
				61BF25D82842C18B002E8F48 /* en */,
				61BF25DA2842C1A5002E8F48 /* hu */,
			);
			name = Localizable.strings;
			sourceTree = "<group>";
		};
		61BF25DD2842C215002E8F48 /* Localizable.stringsdict */ = {
			isa = PBXVariantGroup;
			children = (
				61BF25DC2842C215002E8F48 /* en */,
				61BF25DE2842C21E002E8F48 /* hu */,
			);
			name = Localizable.stringsdict;
			sourceTree = "<group>";
		};
		61BF25E12842C2CE002E8F48 /* Awards.json */ = {
			isa = PBXVariantGroup;
			children = (
				61BF25E02842C2CE002E8F48 /* Base */,
				61BF25E22842C2D5002E8F48 /* en */,
				61BF25E32842C2D8002E8F48 /* hu */,
			);
			name = Awards.json;
			sourceTree = "<group>";
		};
/* End PBXVariantGroup section */

/* Begin XCBuildConfiguration section */
		61FBEF6D283421AE00026EB4 /* Debug */ = {
			isa = XCBuildConfiguration;
			buildSettings = {
				ALWAYS_SEARCH_USER_PATHS = NO;
				CLANG_ANALYZER_NONNULL = YES;
				CLANG_ANALYZER_NUMBER_OBJECT_CONVERSION = YES_AGGRESSIVE;
				CLANG_CXX_LANGUAGE_STANDARD = "gnu++17";
				CLANG_ENABLE_MODULES = YES;
				CLANG_ENABLE_OBJC_ARC = YES;
				CLANG_ENABLE_OBJC_WEAK = YES;
				CLANG_WARN_BLOCK_CAPTURE_AUTORELEASING = YES;
				CLANG_WARN_BOOL_CONVERSION = YES;
				CLANG_WARN_COMMA = YES;
				CLANG_WARN_CONSTANT_CONVERSION = YES;
				CLANG_WARN_DEPRECATED_OBJC_IMPLEMENTATIONS = YES;
				CLANG_WARN_DIRECT_OBJC_ISA_USAGE = YES_ERROR;
				CLANG_WARN_DOCUMENTATION_COMMENTS = YES;
				CLANG_WARN_EMPTY_BODY = YES;
				CLANG_WARN_ENUM_CONVERSION = YES;
				CLANG_WARN_INFINITE_RECURSION = YES;
				CLANG_WARN_INT_CONVERSION = YES;
				CLANG_WARN_NON_LITERAL_NULL_CONVERSION = YES;
				CLANG_WARN_OBJC_IMPLICIT_RETAIN_SELF = YES;
				CLANG_WARN_OBJC_LITERAL_CONVERSION = YES;
				CLANG_WARN_OBJC_ROOT_CLASS = YES_ERROR;
				CLANG_WARN_QUOTED_INCLUDE_IN_FRAMEWORK_HEADER = YES;
				CLANG_WARN_RANGE_LOOP_ANALYSIS = YES;
				CLANG_WARN_STRICT_PROTOTYPES = YES;
				CLANG_WARN_SUSPICIOUS_MOVE = YES;
				CLANG_WARN_UNGUARDED_AVAILABILITY = YES_AGGRESSIVE;
				CLANG_WARN_UNREACHABLE_CODE = YES;
				CLANG_WARN__DUPLICATE_METHOD_MATCH = YES;
				COPY_PHASE_STRIP = NO;
				DEBUG_INFORMATION_FORMAT = dwarf;
				ENABLE_STRICT_OBJC_MSGSEND = YES;
				ENABLE_TESTABILITY = YES;
				GCC_C_LANGUAGE_STANDARD = gnu11;
				GCC_DYNAMIC_NO_PIC = NO;
				GCC_NO_COMMON_BLOCKS = YES;
				GCC_OPTIMIZATION_LEVEL = 0;
				GCC_PREPROCESSOR_DEFINITIONS = (
					"DEBUG=1",
					"$(inherited)",
				);
				GCC_WARN_64_TO_32_BIT_CONVERSION = YES;
				GCC_WARN_ABOUT_RETURN_TYPE = YES_ERROR;
				GCC_WARN_UNDECLARED_SELECTOR = YES;
				GCC_WARN_UNINITIALIZED_AUTOS = YES_AGGRESSIVE;
				GCC_WARN_UNUSED_FUNCTION = YES;
				GCC_WARN_UNUSED_VARIABLE = YES;
				IPHONEOS_DEPLOYMENT_TARGET = 15.4;
				MTL_ENABLE_DEBUG_INFO = INCLUDE_SOURCE;
				MTL_FAST_MATH = YES;
				ONLY_ACTIVE_ARCH = YES;
				SDKROOT = iphoneos;
				SWIFT_ACTIVE_COMPILATION_CONDITIONS = DEBUG;
				SWIFT_OPTIMIZATION_LEVEL = "-Onone";
			};
			name = Debug;
		};
		61FBEF6E283421AE00026EB4 /* Release */ = {
			isa = XCBuildConfiguration;
			buildSettings = {
				ALWAYS_SEARCH_USER_PATHS = NO;
				CLANG_ANALYZER_NONNULL = YES;
				CLANG_ANALYZER_NUMBER_OBJECT_CONVERSION = YES_AGGRESSIVE;
				CLANG_CXX_LANGUAGE_STANDARD = "gnu++17";
				CLANG_ENABLE_MODULES = YES;
				CLANG_ENABLE_OBJC_ARC = YES;
				CLANG_ENABLE_OBJC_WEAK = YES;
				CLANG_WARN_BLOCK_CAPTURE_AUTORELEASING = YES;
				CLANG_WARN_BOOL_CONVERSION = YES;
				CLANG_WARN_COMMA = YES;
				CLANG_WARN_CONSTANT_CONVERSION = YES;
				CLANG_WARN_DEPRECATED_OBJC_IMPLEMENTATIONS = YES;
				CLANG_WARN_DIRECT_OBJC_ISA_USAGE = YES_ERROR;
				CLANG_WARN_DOCUMENTATION_COMMENTS = YES;
				CLANG_WARN_EMPTY_BODY = YES;
				CLANG_WARN_ENUM_CONVERSION = YES;
				CLANG_WARN_INFINITE_RECURSION = YES;
				CLANG_WARN_INT_CONVERSION = YES;
				CLANG_WARN_NON_LITERAL_NULL_CONVERSION = YES;
				CLANG_WARN_OBJC_IMPLICIT_RETAIN_SELF = YES;
				CLANG_WARN_OBJC_LITERAL_CONVERSION = YES;
				CLANG_WARN_OBJC_ROOT_CLASS = YES_ERROR;
				CLANG_WARN_QUOTED_INCLUDE_IN_FRAMEWORK_HEADER = YES;
				CLANG_WARN_RANGE_LOOP_ANALYSIS = YES;
				CLANG_WARN_STRICT_PROTOTYPES = YES;
				CLANG_WARN_SUSPICIOUS_MOVE = YES;
				CLANG_WARN_UNGUARDED_AVAILABILITY = YES_AGGRESSIVE;
				CLANG_WARN_UNREACHABLE_CODE = YES;
				CLANG_WARN__DUPLICATE_METHOD_MATCH = YES;
				COPY_PHASE_STRIP = NO;
				DEBUG_INFORMATION_FORMAT = "dwarf-with-dsym";
				ENABLE_NS_ASSERTIONS = NO;
				ENABLE_STRICT_OBJC_MSGSEND = YES;
				GCC_C_LANGUAGE_STANDARD = gnu11;
				GCC_NO_COMMON_BLOCKS = YES;
				GCC_WARN_64_TO_32_BIT_CONVERSION = YES;
				GCC_WARN_ABOUT_RETURN_TYPE = YES_ERROR;
				GCC_WARN_UNDECLARED_SELECTOR = YES;
				GCC_WARN_UNINITIALIZED_AUTOS = YES_AGGRESSIVE;
				GCC_WARN_UNUSED_FUNCTION = YES;
				GCC_WARN_UNUSED_VARIABLE = YES;
				IPHONEOS_DEPLOYMENT_TARGET = 15.4;
				MTL_ENABLE_DEBUG_INFO = NO;
				MTL_FAST_MATH = YES;
				SDKROOT = iphoneos;
				SWIFT_COMPILATION_MODE = wholemodule;
				SWIFT_OPTIMIZATION_LEVEL = "-O";
				VALIDATE_PRODUCT = YES;
			};
			name = Release;
		};
		61FBEF70283421AE00026EB4 /* Debug */ = {
			isa = XCBuildConfiguration;
			buildSettings = {
				ASSETCATALOG_COMPILER_APPICON_NAME = AppIcon;
				ASSETCATALOG_COMPILER_GLOBAL_ACCENT_COLOR_NAME = AccentColor;
				CODE_SIGN_ENTITLEMENTS = PortfolioApp/PortfolioApp.entitlements;
				CODE_SIGN_IDENTITY = "Apple Development";
				CODE_SIGN_STYLE = Automatic;
				CURRENT_PROJECT_VERSION = 1;
				DEVELOPMENT_ASSET_PATHS = "\"PortfolioApp/Preview Content\"";
				DEVELOPMENT_TEAM = B6NJU73HYP;
				ENABLE_PREVIEWS = YES;
				GENERATE_INFOPLIST_FILE = YES;
				INFOPLIST_FILE = PortfolioApp/Info.plist;
				INFOPLIST_KEY_UIApplicationSceneManifest_Generation = YES;
				INFOPLIST_KEY_UIApplicationSupportsIndirectInputEvents = YES;
				INFOPLIST_KEY_UILaunchScreen_Generation = YES;
				INFOPLIST_KEY_UISupportedInterfaceOrientations_iPad = "UIInterfaceOrientationPortrait UIInterfaceOrientationPortraitUpsideDown UIInterfaceOrientationLandscapeLeft UIInterfaceOrientationLandscapeRight";
				INFOPLIST_KEY_UISupportedInterfaceOrientations_iPhone = "UIInterfaceOrientationPortrait UIInterfaceOrientationLandscapeLeft UIInterfaceOrientationLandscapeRight";
				LD_RUNPATH_SEARCH_PATHS = (
					"$(inherited)",
					"@executable_path/Frameworks",
				);
				MARKETING_VERSION = 1.0;
				PRODUCT_BUNDLE_IDENTIFIER = com.kuznik.mateusz.PortfolioApp;
				PRODUCT_NAME = "$(TARGET_NAME)";
				PROVISIONING_PROFILE_SPECIFIER = "";
				SWIFT_EMIT_LOC_STRINGS = YES;
				SWIFT_VERSION = 5.0;
				TARGETED_DEVICE_FAMILY = "1,2";
			};
			name = Debug;
		};
		61FBEF71283421AE00026EB4 /* Release */ = {
			isa = XCBuildConfiguration;
			buildSettings = {
				ASSETCATALOG_COMPILER_APPICON_NAME = AppIcon;
				ASSETCATALOG_COMPILER_GLOBAL_ACCENT_COLOR_NAME = AccentColor;
				CODE_SIGN_ENTITLEMENTS = PortfolioApp/PortfolioApp.entitlements;
				CODE_SIGN_IDENTITY = "Apple Development";
				CODE_SIGN_STYLE = Automatic;
				CURRENT_PROJECT_VERSION = 1;
				DEVELOPMENT_ASSET_PATHS = "\"PortfolioApp/Preview Content\"";
				DEVELOPMENT_TEAM = B6NJU73HYP;
				ENABLE_PREVIEWS = YES;
				GENERATE_INFOPLIST_FILE = YES;
				INFOPLIST_FILE = PortfolioApp/Info.plist;
				INFOPLIST_KEY_UIApplicationSceneManifest_Generation = YES;
				INFOPLIST_KEY_UIApplicationSupportsIndirectInputEvents = YES;
				INFOPLIST_KEY_UILaunchScreen_Generation = YES;
				INFOPLIST_KEY_UISupportedInterfaceOrientations_iPad = "UIInterfaceOrientationPortrait UIInterfaceOrientationPortraitUpsideDown UIInterfaceOrientationLandscapeLeft UIInterfaceOrientationLandscapeRight";
				INFOPLIST_KEY_UISupportedInterfaceOrientations_iPhone = "UIInterfaceOrientationPortrait UIInterfaceOrientationLandscapeLeft UIInterfaceOrientationLandscapeRight";
				LD_RUNPATH_SEARCH_PATHS = (
					"$(inherited)",
					"@executable_path/Frameworks",
				);
				MARKETING_VERSION = 1.0;
				PRODUCT_BUNDLE_IDENTIFIER = com.kuznik.mateusz.PortfolioApp;
				PRODUCT_NAME = "$(TARGET_NAME)";
				PROVISIONING_PROFILE_SPECIFIER = "";
				SWIFT_EMIT_LOC_STRINGS = YES;
				SWIFT_VERSION = 5.0;
				TARGETED_DEVICE_FAMILY = "1,2";
			};
			name = Release;
		};
/* End XCBuildConfiguration section */

/* Begin XCConfigurationList section */
		61FBEF5C283421AA00026EB4 /* Build configuration list for PBXProject "PortfolioApp" */ = {
			isa = XCConfigurationList;
			buildConfigurations = (
				61FBEF6D283421AE00026EB4 /* Debug */,
				61FBEF6E283421AE00026EB4 /* Release */,
			);
			defaultConfigurationIsVisible = 0;
			defaultConfigurationName = Release;
		};
		61FBEF6F283421AE00026EB4 /* Build configuration list for PBXNativeTarget "PortfolioApp" */ = {
			isa = XCConfigurationList;
			buildConfigurations = (
				61FBEF70283421AE00026EB4 /* Debug */,
				61FBEF71283421AE00026EB4 /* Release */,
			);
			defaultConfigurationIsVisible = 0;
			defaultConfigurationName = Release;
		};
/* End XCConfigurationList section */

/* Begin XCVersionGroup section */
		61FBEF722834224D00026EB4 /* Main.xcdatamodeld */ = {
			isa = XCVersionGroup;
			children = (
				61FBEF732834224D00026EB4 /* Main.xcdatamodel */,
			);
			currentVersion = 61FBEF732834224D00026EB4 /* Main.xcdatamodel */;
			path = Main.xcdatamodeld;
			sourceTree = "<group>";
			versionGroupType = wrapper.xcdatamodel;
		};
/* End XCVersionGroup section */
	};
	rootObject = 61FBEF59283421AA00026EB4 /* Project object */;
}
